
Microsoft Visual Studio Solution File, Format Version 12.00
# Visual Studio Version 17
VisualStudioVersion = 17.3.32929.385
MinimumVisualStudioVersion = 10.0.40219.1
Project("{FAE04EC0-301F-11D3-BF4B-00C04F79EFBC}") = "SysWpfUninorte", "SysWpfUninorte\SysWpfUninorte.csproj", "{4DB12941-84DE-4794-9B59-3F51AF283EE7}"
EndProject
Global
	GlobalSection(SolutionConfigurationPlatforms) = preSolution
		Debug|Any CPU = Debug|Any CPU
		Release|Any CPU = Release|Any CPU
	EndGlobalSection
	GlobalSection(ProjectConfigurationPlatforms) = postSolution
		{4DB12941-84DE-4794-9B59-3F51AF283EE7}.Debug|Any CPU.ActiveCfg = Debug|Any CPU
		{4DB12941-84DE-4794-9B59-3F51AF283EE7}.Debug|Any CPU.Build.0 = Debug|Any CPU
		{4DB12941-84DE-4794-9B59-3F51AF283EE7}.Release|Any CPU.ActiveCfg = Release|Any CPU
		{4DB12941-84DE-4794-9B59-3F51AF283EE7}.Release|Any CPU.Build.0 = Release|Any CPU
	EndGlobalSection
	GlobalSection(SolutionProperties) = preSolution
		HideSolutionNode = FALSE
	EndGlobalSection
	GlobalSection(ExtensibilityGlobals) = postSolution
		SolutionGuid = {22D93304-5A5E-48DC-8721-56B1B783E1BC}
	EndGlobalSection
EndGlobal
